
Microsoft Visual Studio Solution File, Format Version 12.00
# Visual Studio 15
VisualStudioVersion = 15.0.27004.2005
MinimumVisualStudioVersion = 10.0.40219.1
Project("{FAE04EC0-301F-11D3-BF4B-00C04F79EFBC}") = "01.StudentsResults", "01.StudentsResults\01.StudentsResults.csproj", "{91B7FF26-FC2A-438C-847A-AFF17866013B}"
EndProject
Project("{FAE04EC0-301F-11D3-BF4B-00C04F79EFBC}") = "02.ParseURLs", "02.ParseURLs\02.ParseURLs.csproj", "{A34743FC-FB48-4DB6-896B-5BEB02AC78CE}"
EndProject
Project("{FAE04EC0-301F-11D3-BF4B-00C04F79EFBC}") = "03.ParseTags", "03.ParseTags\03.ParseTags.csproj", "{7C6DFC8A-93DD-4BE8-8743-ED96435B7A04}"
EndProject
Project("{FAE04EC0-301F-11D3-BF4B-00C04F79EFBC}") = "04.SpecialWords", "04.SpecialWords\04.SpecialWords.csproj", "{83D4D1FA-9C28-4240-9EB3-E715174D59E6}"
EndProject
Project("{FAE04EC0-301F-11D3-BF4B-00C04F79EFBC}") = "05.ConcatenateStrings", "05.ConcatenateStrings\05.ConcatenateStrings.csproj", "{601E02B9-C523-49AD-87BB-11CAF7818D1D}"
EndProject
Global
	GlobalSection(SolutionConfigurationPlatforms) = preSolution
		Debug|Any CPU = Debug|Any CPU
		Release|Any CPU = Release|Any CPU
	EndGlobalSection
	GlobalSection(ProjectConfigurationPlatforms) = postSolution
		{91B7FF26-FC2A-438C-847A-AFF17866013B}.Debug|Any CPU.ActiveCfg = Debug|Any CPU
		{91B7FF26-FC2A-438C-847A-AFF17866013B}.Debug|Any CPU.Build.0 = Debug|Any CPU
		{91B7FF26-FC2A-438C-847A-AFF17866013B}.Release|Any CPU.ActiveCfg = Release|Any CPU
		{91B7FF26-FC2A-438C-847A-AFF17866013B}.Release|Any CPU.Build.0 = Release|Any CPU
		{A34743FC-FB48-4DB6-896B-5BEB02AC78CE}.Debug|Any CPU.ActiveCfg = Debug|Any CPU
		{A34743FC-FB48-4DB6-896B-5BEB02AC78CE}.Debug|Any CPU.Build.0 = Debug|Any CPU
		{A34743FC-FB48-4DB6-896B-5BEB02AC78CE}.Release|Any CPU.ActiveCfg = Release|Any CPU
		{A34743FC-FB48-4DB6-896B-5BEB02AC78CE}.Release|Any CPU.Build.0 = Release|Any CPU
		{7C6DFC8A-93DD-4BE8-8743-ED96435B7A04}.Debug|Any CPU.ActiveCfg = Debug|Any CPU
		{7C6DFC8A-93DD-4BE8-8743-ED96435B7A04}.Debug|Any CPU.Build.0 = Debug|Any CPU
		{7C6DFC8A-93DD-4BE8-8743-ED96435B7A04}.Release|Any CPU.ActiveCfg = Release|Any CPU
		{7C6DFC8A-93DD-4BE8-8743-ED96435B7A04}.Release|Any CPU.Build.0 = Release|Any CPU
		{83D4D1FA-9C28-4240-9EB3-E715174D59E6}.Debug|Any CPU.ActiveCfg = Debug|Any CPU
		{83D4D1FA-9C28-4240-9EB3-E715174D59E6}.Debug|Any CPU.Build.0 = Debug|Any CPU
		{83D4D1FA-9C28-4240-9EB3-E715174D59E6}.Release|Any CPU.ActiveCfg = Release|Any CPU
		{83D4D1FA-9C28-4240-9EB3-E715174D59E6}.Release|Any CPU.Build.0 = Release|Any CPU
		{601E02B9-C523-49AD-87BB-11CAF7818D1D}.Debug|Any CPU.ActiveCfg = Debug|Any CPU
		{601E02B9-C523-49AD-87BB-11CAF7818D1D}.Debug|Any CPU.Build.0 = Debug|Any CPU
		{601E02B9-C523-49AD-87BB-11CAF7818D1D}.Release|Any CPU.ActiveCfg = Release|Any CPU
		{601E02B9-C523-49AD-87BB-11CAF7818D1D}.Release|Any CPU.Build.0 = Release|Any CPU
	EndGlobalSection
	GlobalSection(SolutionProperties) = preSolution
		HideSolutionNode = FALSE
	EndGlobalSection
	GlobalSection(ExtensibilityGlobals) = postSolution
		SolutionGuid = {B1E25B95-1F45-4480-BACC-ECE739599711}
	EndGlobalSection
EndGlobal
