
Microsoft Visual Studio Solution File, Format Version 12.00
# Visual Studio 15
VisualStudioVersion = 15.0.27004.2005
MinimumVisualStudioVersion = 10.0.40219.1
Project("{FAE04EC0-301F-11D3-BF4B-00C04F79EFBC}") = "04.RandomList", "04.RandomList.csproj", "{3B279F5C-D169-42F8-A27E-85E6D79A20B4}"
EndProject
Global
	GlobalSection(SolutionConfigurationPlatforms) = preSolution
		Debug|Any CPU = Debug|Any CPU
		Release|Any CPU = Release|Any CPU
	EndGlobalSection
	GlobalSection(ProjectConfigurationPlatforms) = postSolution
		{3B279F5C-D169-42F8-A27E-85E6D79A20B4}.Debug|Any CPU.ActiveCfg = Debug|Any CPU
		{3B279F5C-D169-42F8-A27E-85E6D79A20B4}.Debug|Any CPU.Build.0 = Debug|Any CPU
		{3B279F5C-D169-42F8-A27E-85E6D79A20B4}.Release|Any CPU.ActiveCfg = Release|Any CPU
		{3B279F5C-D169-42F8-A27E-85E6D79A20B4}.Release|Any CPU.Build.0 = Release|Any CPU
	EndGlobalSection
	GlobalSection(SolutionProperties) = preSolution
		HideSolutionNode = FALSE
	EndGlobalSection
	GlobalSection(ExtensibilityGlobals) = postSolution
		SolutionGuid = {EE060DF2-B0B3-4E40-81CB-AFECF368EB7C}
	EndGlobalSection
EndGlobal
