
Microsoft Visual Studio Solution File, Format Version 12.00
# Visual Studio 15
VisualStudioVersion = 15.0.27004.2008
MinimumVisualStudioVersion = 10.0.40219.1
Project("{FAE04EC0-301F-11D3-BF4B-00C04F79EFBC}") = "03.MissionPrivateImpossible", "03.MissionPrivateImpossible.csproj", "{B1768F40-07C1-4E30-9492-CA47F71E92C9}"
EndProject
Global
	GlobalSection(SolutionConfigurationPlatforms) = preSolution
		Debug|Any CPU = Debug|Any CPU
		Release|Any CPU = Release|Any CPU
	EndGlobalSection
	GlobalSection(ProjectConfigurationPlatforms) = postSolution
		{B1768F40-07C1-4E30-9492-CA47F71E92C9}.Debug|Any CPU.ActiveCfg = Debug|Any CPU
		{B1768F40-07C1-4E30-9492-CA47F71E92C9}.Debug|Any CPU.Build.0 = Debug|Any CPU
		{B1768F40-07C1-4E30-9492-CA47F71E92C9}.Release|Any CPU.ActiveCfg = Release|Any CPU
		{B1768F40-07C1-4E30-9492-CA47F71E92C9}.Release|Any CPU.Build.0 = Release|Any CPU
	EndGlobalSection
	GlobalSection(SolutionProperties) = preSolution
		HideSolutionNode = FALSE
	EndGlobalSection
	GlobalSection(ExtensibilityGlobals) = postSolution
		SolutionGuid = {520A4C44-F2F1-4AF5-BD61-B6EA6616B290}
	EndGlobalSection
EndGlobal
