
Microsoft Visual Studio Solution File, Format Version 12.00
# Visual Studio 15
VisualStudioVersion = 15.0.27004.2005
MinimumVisualStudioVersion = 10.0.40219.1
Project("{FAE04EC0-301F-11D3-BF4B-00C04F79EFBC}") = "03.ValidationData", "03.ValidationData.csproj", "{E3AFBAE6-A4D9-4632-9E75-9B137ABC1922}"
EndProject
Global
	GlobalSection(SolutionConfigurationPlatforms) = preSolution
		Debug|Any CPU = Debug|Any CPU
		Release|Any CPU = Release|Any CPU
	EndGlobalSection
	GlobalSection(ProjectConfigurationPlatforms) = postSolution
		{E3AFBAE6-A4D9-4632-9E75-9B137ABC1922}.Debug|Any CPU.ActiveCfg = Debug|Any CPU
		{E3AFBAE6-A4D9-4632-9E75-9B137ABC1922}.Debug|Any CPU.Build.0 = Debug|Any CPU
		{E3AFBAE6-A4D9-4632-9E75-9B137ABC1922}.Release|Any CPU.ActiveCfg = Release|Any CPU
		{E3AFBAE6-A4D9-4632-9E75-9B137ABC1922}.Release|Any CPU.Build.0 = Release|Any CPU
	EndGlobalSection
	GlobalSection(SolutionProperties) = preSolution
		HideSolutionNode = FALSE
	EndGlobalSection
	GlobalSection(ExtensibilityGlobals) = postSolution
		SolutionGuid = {8F859C34-44F7-4E5D-9F0E-9D79F0F82288}
	EndGlobalSection
EndGlobal
