
Microsoft Visual Studio Solution File, Format Version 12.00
# Visual Studio 15
VisualStudioVersion = 15.0.26730.16
MinimumVisualStudioVersion = 10.0.40219.1
Project("{9A19103F-16F7-4668-BE54-9A1E7A4F7556}") = "WebServer", "WebServer\WebServer.csproj", "{72911109-BEDB-43A3-9747-05BE33389BD1}"
EndProject
Project("{9A19103F-16F7-4668-BE54-9A1E7A4F7556}") = "SimpleMvc.Framework", "SimpleMvc.Framework\SimpleMvc.Framework.csproj", "{75E8C169-E34C-4C69-8F9A-BA11DB0FC2B2}"
EndProject
Project("{FAE04EC0-301F-11D3-BF4B-00C04F79EFBC}") = "SimpleMvc.App", "SimpleMvc.App\SimpleMvc.App.csproj", "{F76A87F4-68D5-4F3D-A227-B3C0DB1BE016}"
EndProject
Project("{FAE04EC0-301F-11D3-BF4B-00C04F79EFBC}") = "SimpleMvc.Data", "SimpleMvc.Data\SimpleMvc.Data.csproj", "{427D5E21-9065-4A46-8B2D-049B44136002}"
EndProject
Project("{FAE04EC0-301F-11D3-BF4B-00C04F79EFBC}") = "SimpleMvc.Domain", "SimpleMvc.Domain\SimpleMvc.Domain.csproj", "{65418561-8BC7-42C1-A33E-2423DB3EF5FC}"
EndProject
Global
	GlobalSection(SolutionConfigurationPlatforms) = preSolution
		Debug|Any CPU = Debug|Any CPU
		Release|Any CPU = Release|Any CPU
	EndGlobalSection
	GlobalSection(ProjectConfigurationPlatforms) = postSolution
		{72911109-BEDB-43A3-9747-05BE33389BD1}.Debug|Any CPU.ActiveCfg = Debug|Any CPU
		{72911109-BEDB-43A3-9747-05BE33389BD1}.Debug|Any CPU.Build.0 = Debug|Any CPU
		{72911109-BEDB-43A3-9747-05BE33389BD1}.Release|Any CPU.ActiveCfg = Release|Any CPU
		{72911109-BEDB-43A3-9747-05BE33389BD1}.Release|Any CPU.Build.0 = Release|Any CPU
		{75E8C169-E34C-4C69-8F9A-BA11DB0FC2B2}.Debug|Any CPU.ActiveCfg = Debug|Any CPU
		{75E8C169-E34C-4C69-8F9A-BA11DB0FC2B2}.Debug|Any CPU.Build.0 = Debug|Any CPU
		{75E8C169-E34C-4C69-8F9A-BA11DB0FC2B2}.Release|Any CPU.ActiveCfg = Release|Any CPU
		{75E8C169-E34C-4C69-8F9A-BA11DB0FC2B2}.Release|Any CPU.Build.0 = Release|Any CPU
		{F76A87F4-68D5-4F3D-A227-B3C0DB1BE016}.Debug|Any CPU.ActiveCfg = Debug|Any CPU
		{F76A87F4-68D5-4F3D-A227-B3C0DB1BE016}.Debug|Any CPU.Build.0 = Debug|Any CPU
		{F76A87F4-68D5-4F3D-A227-B3C0DB1BE016}.Release|Any CPU.ActiveCfg = Release|Any CPU
		{F76A87F4-68D5-4F3D-A227-B3C0DB1BE016}.Release|Any CPU.Build.0 = Release|Any CPU
		{427D5E21-9065-4A46-8B2D-049B44136002}.Debug|Any CPU.ActiveCfg = Debug|Any CPU
		{427D5E21-9065-4A46-8B2D-049B44136002}.Debug|Any CPU.Build.0 = Debug|Any CPU
		{427D5E21-9065-4A46-8B2D-049B44136002}.Release|Any CPU.ActiveCfg = Release|Any CPU
		{427D5E21-9065-4A46-8B2D-049B44136002}.Release|Any CPU.Build.0 = Release|Any CPU
		{65418561-8BC7-42C1-A33E-2423DB3EF5FC}.Debug|Any CPU.ActiveCfg = Debug|Any CPU
		{65418561-8BC7-42C1-A33E-2423DB3EF5FC}.Debug|Any CPU.Build.0 = Debug|Any CPU
		{65418561-8BC7-42C1-A33E-2423DB3EF5FC}.Release|Any CPU.ActiveCfg = Release|Any CPU
		{65418561-8BC7-42C1-A33E-2423DB3EF5FC}.Release|Any CPU.Build.0 = Release|Any CPU
	EndGlobalSection
	GlobalSection(SolutionProperties) = preSolution
		HideSolutionNode = FALSE
	EndGlobalSection
	GlobalSection(ExtensibilityGlobals) = postSolution
		SolutionGuid = {3ABA898C-743A-4BCB-94FE-871C34896B4B}
	EndGlobalSection
EndGlobal
