
Microsoft Visual Studio Solution File, Format Version 12.00
# Visual Studio 15
VisualStudioVersion = 15.0.27004.2005
MinimumVisualStudioVersion = 10.0.40219.1
Project("{FAE04EC0-301F-11D3-BF4B-00C04F79EFBC}") = "01.SingleInheritance", "01.SingleInheritance.csproj", "{207344A7-F581-48D8-A5B3-4169AC5463AA}"
EndProject
Global
	GlobalSection(SolutionConfigurationPlatforms) = preSolution
		Debug|Any CPU = Debug|Any CPU
		Release|Any CPU = Release|Any CPU
	EndGlobalSection
	GlobalSection(ProjectConfigurationPlatforms) = postSolution
		{207344A7-F581-48D8-A5B3-4169AC5463AA}.Debug|Any CPU.ActiveCfg = Debug|Any CPU
		{207344A7-F581-48D8-A5B3-4169AC5463AA}.Debug|Any CPU.Build.0 = Debug|Any CPU
		{207344A7-F581-48D8-A5B3-4169AC5463AA}.Release|Any CPU.ActiveCfg = Release|Any CPU
		{207344A7-F581-48D8-A5B3-4169AC5463AA}.Release|Any CPU.Build.0 = Release|Any CPU
	EndGlobalSection
	GlobalSection(SolutionProperties) = preSolution
		HideSolutionNode = FALSE
	EndGlobalSection
	GlobalSection(ExtensibilityGlobals) = postSolution
		SolutionGuid = {327F09C2-1271-4F3A-82FE-853A6C23EB2B}
	EndGlobalSection
EndGlobal
