
Microsoft Visual Studio Solution File, Format Version 12.00
# Visual Studio 15
VisualStudioVersion = 15.0.27004.2005
MinimumVisualStudioVersion = 10.0.40219.1
Project("{FAE04EC0-301F-11D3-BF4B-00C04F79EFBC}") = "14.CatLady", "14.CatLady.csproj", "{C6171FD4-0C47-49EB-B34B-279DC22D8595}"
EndProject
Global
	GlobalSection(SolutionConfigurationPlatforms) = preSolution
		Debug|Any CPU = Debug|Any CPU
		Release|Any CPU = Release|Any CPU
	EndGlobalSection
	GlobalSection(ProjectConfigurationPlatforms) = postSolution
		{C6171FD4-0C47-49EB-B34B-279DC22D8595}.Debug|Any CPU.ActiveCfg = Debug|Any CPU
		{C6171FD4-0C47-49EB-B34B-279DC22D8595}.Debug|Any CPU.Build.0 = Debug|Any CPU
		{C6171FD4-0C47-49EB-B34B-279DC22D8595}.Release|Any CPU.ActiveCfg = Release|Any CPU
		{C6171FD4-0C47-49EB-B34B-279DC22D8595}.Release|Any CPU.Build.0 = Release|Any CPU
	EndGlobalSection
	GlobalSection(SolutionProperties) = preSolution
		HideSolutionNode = FALSE
	EndGlobalSection
	GlobalSection(ExtensibilityGlobals) = postSolution
		SolutionGuid = {89467F2A-BF3B-466D-B5EE-2CDA7E79C978}
	EndGlobalSection
EndGlobal
