
Microsoft Visual Studio Solution File, Format Version 12.00
# Visual Studio 15
VisualStudioVersion = 15.0.27004.2005
MinimumVisualStudioVersion = 10.0.40219.1
Project("{FAE04EC0-301F-11D3-BF4B-00C04F79EFBC}") = "02.ClassBoxDataValidation", "02.ClassBoxDataValidation.csproj", "{1923C419-5451-4531-A397-CA9EDD1EDF3C}"
EndProject
Global
	GlobalSection(SolutionConfigurationPlatforms) = preSolution
		Debug|Any CPU = Debug|Any CPU
		Release|Any CPU = Release|Any CPU
	EndGlobalSection
	GlobalSection(ProjectConfigurationPlatforms) = postSolution
		{1923C419-5451-4531-A397-CA9EDD1EDF3C}.Debug|Any CPU.ActiveCfg = Debug|Any CPU
		{1923C419-5451-4531-A397-CA9EDD1EDF3C}.Debug|Any CPU.Build.0 = Debug|Any CPU
		{1923C419-5451-4531-A397-CA9EDD1EDF3C}.Release|Any CPU.ActiveCfg = Release|Any CPU
		{1923C419-5451-4531-A397-CA9EDD1EDF3C}.Release|Any CPU.Build.0 = Release|Any CPU
	EndGlobalSection
	GlobalSection(SolutionProperties) = preSolution
		HideSolutionNode = FALSE
	EndGlobalSection
	GlobalSection(ExtensibilityGlobals) = postSolution
		SolutionGuid = {53735577-1B88-4819-AC30-4F1458FD18EE}
	EndGlobalSection
EndGlobal
