
Microsoft Visual Studio Solution File, Format Version 12.00
# Visual Studio 15
VisualStudioVersion = 15.0.27004.2005
MinimumVisualStudioVersion = 10.0.40219.1
Project("{FAE04EC0-301F-11D3-BF4B-00C04F79EFBC}") = "01.SortPersonsByNameAndAge", "01.SortPersonsByNameAndAge.csproj", "{C8E4955D-E1FD-44D6-9AB7-43144AEAD043}"
EndProject
Global
	GlobalSection(SolutionConfigurationPlatforms) = preSolution
		Debug|Any CPU = Debug|Any CPU
		Release|Any CPU = Release|Any CPU
	EndGlobalSection
	GlobalSection(ProjectConfigurationPlatforms) = postSolution
		{C8E4955D-E1FD-44D6-9AB7-43144AEAD043}.Debug|Any CPU.ActiveCfg = Debug|Any CPU
		{C8E4955D-E1FD-44D6-9AB7-43144AEAD043}.Debug|Any CPU.Build.0 = Debug|Any CPU
		{C8E4955D-E1FD-44D6-9AB7-43144AEAD043}.Release|Any CPU.ActiveCfg = Release|Any CPU
		{C8E4955D-E1FD-44D6-9AB7-43144AEAD043}.Release|Any CPU.Build.0 = Release|Any CPU
	EndGlobalSection
	GlobalSection(SolutionProperties) = preSolution
		HideSolutionNode = FALSE
	EndGlobalSection
	GlobalSection(ExtensibilityGlobals) = postSolution
		SolutionGuid = {AA1BB6CD-3BF5-4093-8D19-29469CC3A7FF}
	EndGlobalSection
EndGlobal
