
Microsoft Visual Studio Solution File, Format Version 12.00
# Visual Studio 15
VisualStudioVersion = 15.0.26403.7
MinimumVisualStudioVersion = 10.0.40219.1
Project("{FAE04EC0-301F-11D3-BF4B-00C04F79EFBC}") = "01.OddLines", "01.OddLines\01.OddLines.csproj", "{860AC25F-B6C2-49DE-B31E-D1D6C8697F91}"
EndProject
Project("{FAE04EC0-301F-11D3-BF4B-00C04F79EFBC}") = "02.LineNumbers", "02.LineNumbers\02.LineNumbers.csproj", "{1EDC5214-8791-4EBF-8946-A60D0C0C05D2}"
EndProject
Project("{FAE04EC0-301F-11D3-BF4B-00C04F79EFBC}") = "03.WordCount", "03.WordCount\03.WordCount.csproj", "{29AD6D1A-5607-425B-850C-C5FEF11AF86B}"
EndProject
Project("{FAE04EC0-301F-11D3-BF4B-00C04F79EFBC}") = "04.CopyBinaryFile", "04.CopyBinaryFile\04.CopyBinaryFile.csproj", "{466E5C79-502C-42F4-BA5F-AF14F3A87E21}"
EndProject
Project("{FAE04EC0-301F-11D3-BF4B-00C04F79EFBC}") = "05.SlicingFile", "05.SlicingFile\05.SlicingFile.csproj", "{29D14336-8FFC-4A4C-A8CB-6B103FEFE503}"
EndProject
Project("{FAE04EC0-301F-11D3-BF4B-00C04F79EFBC}") = "07.DirectoryTraversal", "07.DirectoryTraversal\07.DirectoryTraversal.csproj", "{E517E403-5448-4116-8DC2-2A001120FE2F}"
EndProject
Project("{FAE04EC0-301F-11D3-BF4B-00C04F79EFBC}") = "08.FullDirectoryTraversal", "08.FullDirectoryTraversal\08.FullDirectoryTraversal.csproj", "{19D1BA43-5D32-4E79-8C47-0142193F8F11}"
EndProject
Global
	GlobalSection(SolutionConfigurationPlatforms) = preSolution
		Debug|Any CPU = Debug|Any CPU
		Release|Any CPU = Release|Any CPU
	EndGlobalSection
	GlobalSection(ProjectConfigurationPlatforms) = postSolution
		{860AC25F-B6C2-49DE-B31E-D1D6C8697F91}.Debug|Any CPU.ActiveCfg = Debug|Any CPU
		{860AC25F-B6C2-49DE-B31E-D1D6C8697F91}.Debug|Any CPU.Build.0 = Debug|Any CPU
		{860AC25F-B6C2-49DE-B31E-D1D6C8697F91}.Release|Any CPU.ActiveCfg = Release|Any CPU
		{860AC25F-B6C2-49DE-B31E-D1D6C8697F91}.Release|Any CPU.Build.0 = Release|Any CPU
		{1EDC5214-8791-4EBF-8946-A60D0C0C05D2}.Debug|Any CPU.ActiveCfg = Debug|Any CPU
		{1EDC5214-8791-4EBF-8946-A60D0C0C05D2}.Debug|Any CPU.Build.0 = Debug|Any CPU
		{1EDC5214-8791-4EBF-8946-A60D0C0C05D2}.Release|Any CPU.ActiveCfg = Release|Any CPU
		{1EDC5214-8791-4EBF-8946-A60D0C0C05D2}.Release|Any CPU.Build.0 = Release|Any CPU
		{29AD6D1A-5607-425B-850C-C5FEF11AF86B}.Debug|Any CPU.ActiveCfg = Debug|Any CPU
		{29AD6D1A-5607-425B-850C-C5FEF11AF86B}.Debug|Any CPU.Build.0 = Debug|Any CPU
		{29AD6D1A-5607-425B-850C-C5FEF11AF86B}.Release|Any CPU.ActiveCfg = Release|Any CPU
		{29AD6D1A-5607-425B-850C-C5FEF11AF86B}.Release|Any CPU.Build.0 = Release|Any CPU
		{466E5C79-502C-42F4-BA5F-AF14F3A87E21}.Debug|Any CPU.ActiveCfg = Debug|Any CPU
		{466E5C79-502C-42F4-BA5F-AF14F3A87E21}.Debug|Any CPU.Build.0 = Debug|Any CPU
		{466E5C79-502C-42F4-BA5F-AF14F3A87E21}.Release|Any CPU.ActiveCfg = Release|Any CPU
		{466E5C79-502C-42F4-BA5F-AF14F3A87E21}.Release|Any CPU.Build.0 = Release|Any CPU
		{29D14336-8FFC-4A4C-A8CB-6B103FEFE503}.Debug|Any CPU.ActiveCfg = Debug|Any CPU
		{29D14336-8FFC-4A4C-A8CB-6B103FEFE503}.Debug|Any CPU.Build.0 = Debug|Any CPU
		{29D14336-8FFC-4A4C-A8CB-6B103FEFE503}.Release|Any CPU.ActiveCfg = Release|Any CPU
		{29D14336-8FFC-4A4C-A8CB-6B103FEFE503}.Release|Any CPU.Build.0 = Release|Any CPU
		{E517E403-5448-4116-8DC2-2A001120FE2F}.Debug|Any CPU.ActiveCfg = Debug|Any CPU
		{E517E403-5448-4116-8DC2-2A001120FE2F}.Debug|Any CPU.Build.0 = Debug|Any CPU
		{E517E403-5448-4116-8DC2-2A001120FE2F}.Release|Any CPU.ActiveCfg = Release|Any CPU
		{E517E403-5448-4116-8DC2-2A001120FE2F}.Release|Any CPU.Build.0 = Release|Any CPU
		{19D1BA43-5D32-4E79-8C47-0142193F8F11}.Debug|Any CPU.ActiveCfg = Debug|Any CPU
		{19D1BA43-5D32-4E79-8C47-0142193F8F11}.Debug|Any CPU.Build.0 = Debug|Any CPU
		{19D1BA43-5D32-4E79-8C47-0142193F8F11}.Release|Any CPU.ActiveCfg = Release|Any CPU
		{19D1BA43-5D32-4E79-8C47-0142193F8F11}.Release|Any CPU.Build.0 = Release|Any CPU
	EndGlobalSection
	GlobalSection(SolutionProperties) = preSolution
		HideSolutionNode = FALSE
	EndGlobalSection
EndGlobal
