
Microsoft Visual Studio Solution File, Format Version 12.00
# Visual Studio 15
VisualStudioVersion = 15.0.27004.2005
MinimumVisualStudioVersion = 10.0.40219.1
Project("{FAE04EC0-301F-11D3-BF4B-00C04F79EFBC}") = "12.Google", "12.Google.csproj", "{587DB490-2F8D-4175-ACDD-004985E749EA}"
EndProject
Global
	GlobalSection(SolutionConfigurationPlatforms) = preSolution
		Debug|Any CPU = Debug|Any CPU
		Release|Any CPU = Release|Any CPU
	EndGlobalSection
	GlobalSection(ProjectConfigurationPlatforms) = postSolution
		{587DB490-2F8D-4175-ACDD-004985E749EA}.Debug|Any CPU.ActiveCfg = Debug|Any CPU
		{587DB490-2F8D-4175-ACDD-004985E749EA}.Debug|Any CPU.Build.0 = Debug|Any CPU
		{587DB490-2F8D-4175-ACDD-004985E749EA}.Release|Any CPU.ActiveCfg = Release|Any CPU
		{587DB490-2F8D-4175-ACDD-004985E749EA}.Release|Any CPU.Build.0 = Release|Any CPU
	EndGlobalSection
	GlobalSection(SolutionProperties) = preSolution
		HideSolutionNode = FALSE
	EndGlobalSection
	GlobalSection(ExtensibilityGlobals) = postSolution
		SolutionGuid = {F924118E-2D3E-4ECA-8BDB-7477C385BB40}
	EndGlobalSection
EndGlobal
