
Microsoft Visual Studio Solution File, Format Version 12.00
# Visual Studio 15
VisualStudioVersion = 15.0.26730.16
MinimumVisualStudioVersion = 10.0.40219.1
Project("{FAE04EC0-301F-11D3-BF4B-00C04F79EFBC}") = "Student System", "Student System\Student System.csproj", "{6570F474-EDDC-417F-A253-C7687C1AB11D}"
EndProject
Global
	GlobalSection(SolutionConfigurationPlatforms) = preSolution
		Debug|Any CPU = Debug|Any CPU
		Release|Any CPU = Release|Any CPU
	EndGlobalSection
	GlobalSection(ProjectConfigurationPlatforms) = postSolution
		{6570F474-EDDC-417F-A253-C7687C1AB11D}.Debug|Any CPU.ActiveCfg = Debug|Any CPU
		{6570F474-EDDC-417F-A253-C7687C1AB11D}.Debug|Any CPU.Build.0 = Debug|Any CPU
		{6570F474-EDDC-417F-A253-C7687C1AB11D}.Release|Any CPU.ActiveCfg = Release|Any CPU
		{6570F474-EDDC-417F-A253-C7687C1AB11D}.Release|Any CPU.Build.0 = Release|Any CPU
	EndGlobalSection
	GlobalSection(SolutionProperties) = preSolution
		HideSolutionNode = FALSE
	EndGlobalSection
	GlobalSection(ExtensibilityGlobals) = postSolution
		SolutionGuid = {20D2B01C-C4D1-4F7F-9B30-E713141BC130}
	EndGlobalSection
EndGlobal
