
Microsoft Visual Studio Solution File, Format Version 12.00
# Visual Studio 15
VisualStudioVersion = 15.0.27004.2005
MinimumVisualStudioVersion = 10.0.40219.1
Project("{FAE04EC0-301F-11D3-BF4B-00C04F79EFBC}") = "03.HierarchicalInheritance", "03.HierarchicalInheritance.csproj", "{78CC9D2B-0A6C-4A64-943C-FB0F8B57B60B}"
EndProject
Global
	GlobalSection(SolutionConfigurationPlatforms) = preSolution
		Debug|Any CPU = Debug|Any CPU
		Release|Any CPU = Release|Any CPU
	EndGlobalSection
	GlobalSection(ProjectConfigurationPlatforms) = postSolution
		{78CC9D2B-0A6C-4A64-943C-FB0F8B57B60B}.Debug|Any CPU.ActiveCfg = Debug|Any CPU
		{78CC9D2B-0A6C-4A64-943C-FB0F8B57B60B}.Debug|Any CPU.Build.0 = Debug|Any CPU
		{78CC9D2B-0A6C-4A64-943C-FB0F8B57B60B}.Release|Any CPU.ActiveCfg = Release|Any CPU
		{78CC9D2B-0A6C-4A64-943C-FB0F8B57B60B}.Release|Any CPU.Build.0 = Release|Any CPU
	EndGlobalSection
	GlobalSection(SolutionProperties) = preSolution
		HideSolutionNode = FALSE
	EndGlobalSection
	GlobalSection(ExtensibilityGlobals) = postSolution
		SolutionGuid = {FE56E333-0BE7-4463-96B1-2CA06471948A}
	EndGlobalSection
EndGlobal
