
Microsoft Visual Studio Solution File, Format Version 12.00
# Visual Studio 15
VisualStudioVersion = 15.0.27004.2006
MinimumVisualStudioVersion = 10.0.40219.1
Project("{FAE04EC0-301F-11D3-BF4B-00C04F79EFBC}") = "01.GenericBoxOfString", "01.GenericBoxOfString.csproj", "{45AA2AD1-19CD-4092-B429-1FB4CBBC485C}"
EndProject
Global
	GlobalSection(SolutionConfigurationPlatforms) = preSolution
		Debug|Any CPU = Debug|Any CPU
		Release|Any CPU = Release|Any CPU
	EndGlobalSection
	GlobalSection(ProjectConfigurationPlatforms) = postSolution
		{45AA2AD1-19CD-4092-B429-1FB4CBBC485C}.Debug|Any CPU.ActiveCfg = Debug|Any CPU
		{45AA2AD1-19CD-4092-B429-1FB4CBBC485C}.Debug|Any CPU.Build.0 = Debug|Any CPU
		{45AA2AD1-19CD-4092-B429-1FB4CBBC485C}.Release|Any CPU.ActiveCfg = Release|Any CPU
		{45AA2AD1-19CD-4092-B429-1FB4CBBC485C}.Release|Any CPU.Build.0 = Release|Any CPU
	EndGlobalSection
	GlobalSection(SolutionProperties) = preSolution
		HideSolutionNode = FALSE
	EndGlobalSection
	GlobalSection(ExtensibilityGlobals) = postSolution
		SolutionGuid = {82531A5E-1D1D-4995-9A20-2C16266BA6E0}
	EndGlobalSection
EndGlobal
