
Microsoft Visual Studio Solution File, Format Version 12.00
# Visual Studio 15
VisualStudioVersion = 15.0.26730.16
MinimumVisualStudioVersion = 10.0.40219.1
Project("{FAE04EC0-301F-11D3-BF4B-00C04F79EFBC}") = "01.EvenNumbersThread", "01.EvenNumbersThread\01.EvenNumbersThread.csproj", "{53F42124-7BAD-4971-A63E-7ED9547F10B3}"
EndProject
Project("{FAE04EC0-301F-11D3-BF4B-00C04F79EFBC}") = "02.SliceFile", "02.SliceFile\02.SliceFile.csproj", "{86F05F0D-5100-46EE-8216-D10F3BA7C85F}"
EndProject
Project("{FAE04EC0-301F-11D3-BF4B-00C04F79EFBC}") = "03.SimpleWebServer", "03.SimpleWebServer\03.SimpleWebServer.csproj", "{88E0EFC0-EE7C-4B69-B16C-CD7C03B40A2C}"
EndProject
Global
	GlobalSection(SolutionConfigurationPlatforms) = preSolution
		Debug|Any CPU = Debug|Any CPU
		Release|Any CPU = Release|Any CPU
	EndGlobalSection
	GlobalSection(ProjectConfigurationPlatforms) = postSolution
		{53F42124-7BAD-4971-A63E-7ED9547F10B3}.Debug|Any CPU.ActiveCfg = Debug|Any CPU
		{53F42124-7BAD-4971-A63E-7ED9547F10B3}.Debug|Any CPU.Build.0 = Debug|Any CPU
		{53F42124-7BAD-4971-A63E-7ED9547F10B3}.Release|Any CPU.ActiveCfg = Release|Any CPU
		{53F42124-7BAD-4971-A63E-7ED9547F10B3}.Release|Any CPU.Build.0 = Release|Any CPU
		{86F05F0D-5100-46EE-8216-D10F3BA7C85F}.Debug|Any CPU.ActiveCfg = Debug|Any CPU
		{86F05F0D-5100-46EE-8216-D10F3BA7C85F}.Debug|Any CPU.Build.0 = Debug|Any CPU
		{86F05F0D-5100-46EE-8216-D10F3BA7C85F}.Release|Any CPU.ActiveCfg = Release|Any CPU
		{86F05F0D-5100-46EE-8216-D10F3BA7C85F}.Release|Any CPU.Build.0 = Release|Any CPU
		{88E0EFC0-EE7C-4B69-B16C-CD7C03B40A2C}.Debug|Any CPU.ActiveCfg = Debug|Any CPU
		{88E0EFC0-EE7C-4B69-B16C-CD7C03B40A2C}.Debug|Any CPU.Build.0 = Debug|Any CPU
		{88E0EFC0-EE7C-4B69-B16C-CD7C03B40A2C}.Release|Any CPU.ActiveCfg = Release|Any CPU
		{88E0EFC0-EE7C-4B69-B16C-CD7C03B40A2C}.Release|Any CPU.Build.0 = Release|Any CPU
	EndGlobalSection
	GlobalSection(SolutionProperties) = preSolution
		HideSolutionNode = FALSE
	EndGlobalSection
	GlobalSection(ExtensibilityGlobals) = postSolution
		SolutionGuid = {C2E7B97D-A093-4D3E-92A5-BD50728839C5}
	EndGlobalSection
EndGlobal
