
Microsoft Visual Studio Solution File, Format Version 12.00
# Visual Studio 15
VisualStudioVersion = 15.0.27004.2005
MinimumVisualStudioVersion = 10.0.40219.1
Project("{FAE04EC0-301F-11D3-BF4B-00C04F79EFBC}") = "07.SpeedRacing", "07.SpeedRacing.csproj", "{86078D35-1567-472D-B0F4-9193025F1B1F}"
EndProject
Global
	GlobalSection(SolutionConfigurationPlatforms) = preSolution
		Debug|Any CPU = Debug|Any CPU
		Release|Any CPU = Release|Any CPU
	EndGlobalSection
	GlobalSection(ProjectConfigurationPlatforms) = postSolution
		{86078D35-1567-472D-B0F4-9193025F1B1F}.Debug|Any CPU.ActiveCfg = Debug|Any CPU
		{86078D35-1567-472D-B0F4-9193025F1B1F}.Debug|Any CPU.Build.0 = Debug|Any CPU
		{86078D35-1567-472D-B0F4-9193025F1B1F}.Release|Any CPU.ActiveCfg = Release|Any CPU
		{86078D35-1567-472D-B0F4-9193025F1B1F}.Release|Any CPU.Build.0 = Release|Any CPU
	EndGlobalSection
	GlobalSection(SolutionProperties) = preSolution
		HideSolutionNode = FALSE
	EndGlobalSection
	GlobalSection(ExtensibilityGlobals) = postSolution
		SolutionGuid = {F1112EEF-7566-4567-BF89-B058ECAC2CA8}
	EndGlobalSection
EndGlobal
