
Microsoft Visual Studio Solution File, Format Version 12.00
# Visual Studio 15
VisualStudioVersion = 15.0.27004.2005
MinimumVisualStudioVersion = 10.0.40219.1
Project("{FAE04EC0-301F-11D3-BF4B-00C04F79EFBC}") = "01.SumOfAllElementsOfMatrix", "01.SumOfAllElementsOfMatrix\01.SumOfAllElementsOfMatrix.csproj", "{DE08D12E-026B-4EA0-B6F6-DB5389AFFE7B}"
EndProject
Project("{FAE04EC0-301F-11D3-BF4B-00C04F79EFBC}") = "02.SquareWithMaximumSum", "02.SquareWithMaximumSum\02.SquareWithMaximumSum.csproj", "{FA9FC8A5-78A0-42FC-B98B-EDA283712439}"
EndProject
Project("{FAE04EC0-301F-11D3-BF4B-00C04F79EFBC}") = "03.GroupNumbers", "03.GroupNumbers\03.GroupNumbers.csproj", "{5AC0242A-8382-4344-B8E3-2975F7BE0859}"
EndProject
Global
	GlobalSection(SolutionConfigurationPlatforms) = preSolution
		Debug|Any CPU = Debug|Any CPU
		Release|Any CPU = Release|Any CPU
	EndGlobalSection
	GlobalSection(ProjectConfigurationPlatforms) = postSolution
		{DE08D12E-026B-4EA0-B6F6-DB5389AFFE7B}.Debug|Any CPU.ActiveCfg = Debug|Any CPU
		{DE08D12E-026B-4EA0-B6F6-DB5389AFFE7B}.Debug|Any CPU.Build.0 = Debug|Any CPU
		{DE08D12E-026B-4EA0-B6F6-DB5389AFFE7B}.Release|Any CPU.ActiveCfg = Release|Any CPU
		{DE08D12E-026B-4EA0-B6F6-DB5389AFFE7B}.Release|Any CPU.Build.0 = Release|Any CPU
		{FA9FC8A5-78A0-42FC-B98B-EDA283712439}.Debug|Any CPU.ActiveCfg = Debug|Any CPU
		{FA9FC8A5-78A0-42FC-B98B-EDA283712439}.Debug|Any CPU.Build.0 = Debug|Any CPU
		{FA9FC8A5-78A0-42FC-B98B-EDA283712439}.Release|Any CPU.ActiveCfg = Release|Any CPU
		{FA9FC8A5-78A0-42FC-B98B-EDA283712439}.Release|Any CPU.Build.0 = Release|Any CPU
		{5AC0242A-8382-4344-B8E3-2975F7BE0859}.Debug|Any CPU.ActiveCfg = Debug|Any CPU
		{5AC0242A-8382-4344-B8E3-2975F7BE0859}.Debug|Any CPU.Build.0 = Debug|Any CPU
		{5AC0242A-8382-4344-B8E3-2975F7BE0859}.Release|Any CPU.ActiveCfg = Release|Any CPU
		{5AC0242A-8382-4344-B8E3-2975F7BE0859}.Release|Any CPU.Build.0 = Release|Any CPU
	EndGlobalSection
	GlobalSection(SolutionProperties) = preSolution
		HideSolutionNode = FALSE
	EndGlobalSection
	GlobalSection(ExtensibilityGlobals) = postSolution
		SolutionGuid = {78597E9E-EC34-4C66-813D-C8CEF87532DE}
	EndGlobalSection
EndGlobal
